
Microsoft Visual Studio Solution File, Format Version 12.00
# Visual Studio 15
VisualStudioVersion = 15.0.28010.2050
MinimumVisualStudioVersion = 10.0.40219.1
Project("{FAE04EC0-301F-11D3-BF4B-00C04F79EFBC}") = "RabbitMQProducer", "RabbitMQProducer\RabbitMQProducer.csproj", "{9DCA8A44-EC9C-4598-926A-7DD88D9E9AF2}"
EndProject
Project("{FAE04EC0-301F-11D3-BF4B-00C04F79EFBC}") = "RabbitMQConsumer", "RabbitMQConsumer\RabbitMQConsumer.csproj", "{2FCD54D7-1FC8-4544-BF82-DBCDA14F7323}"
EndProject
Global
	GlobalSection(SolutionConfigurationPlatforms) = preSolution
		Debug|Any CPU = Debug|Any CPU
		Release|Any CPU = Release|Any CPU
	EndGlobalSection
	GlobalSection(ProjectConfigurationPlatforms) = postSolution
		{9DCA8A44-EC9C-4598-926A-7DD88D9E9AF2}.Debug|Any CPU.ActiveCfg = Debug|Any CPU
		{9DCA8A44-EC9C-4598-926A-7DD88D9E9AF2}.Debug|Any CPU.Build.0 = Debug|Any CPU
		{9DCA8A44-EC9C-4598-926A-7DD88D9E9AF2}.Release|Any CPU.ActiveCfg = Release|Any CPU
		{9DCA8A44-EC9C-4598-926A-7DD88D9E9AF2}.Release|Any CPU.Build.0 = Release|Any CPU
		{2FCD54D7-1FC8-4544-BF82-DBCDA14F7323}.Debug|Any CPU.ActiveCfg = Debug|Any CPU
		{2FCD54D7-1FC8-4544-BF82-DBCDA14F7323}.Debug|Any CPU.Build.0 = Debug|Any CPU
		{2FCD54D7-1FC8-4544-BF82-DBCDA14F7323}.Release|Any CPU.ActiveCfg = Release|Any CPU
		{2FCD54D7-1FC8-4544-BF82-DBCDA14F7323}.Release|Any CPU.Build.0 = Release|Any CPU
	EndGlobalSection
	GlobalSection(SolutionProperties) = preSolution
		HideSolutionNode = FALSE
	EndGlobalSection
	GlobalSection(ExtensibilityGlobals) = postSolution
		SolutionGuid = {1749FE43-5A08-45FD-8A26-33E3420059FB}
	EndGlobalSection
EndGlobal
